
Microsoft Visual Studio Solution File, Format Version 12.00
# Visual Studio Version 17
VisualStudioVersion = 17.9.34723.18
MinimumVisualStudioVersion = 10.0.40219.1
Project("{9A19103F-16F7-4668-BE54-9A1E7A4F7556}") = "FileMoverAPI", "FileMoverAPI\FileMoverAPI.csproj", "{8D16BEA4-D2E2-4573-AF37-74E920531062}"
EndProject
Global
	GlobalSection(SolutionConfigurationPlatforms) = preSolution
		Debug|Any CPU = Debug|Any CPU
		Release|Any CPU = Release|Any CPU
	EndGlobalSection
	GlobalSection(ProjectConfigurationPlatforms) = postSolution
		{8D16BEA4-D2E2-4573-AF37-74E920531062}.Debug|Any CPU.ActiveCfg = Debug|Any CPU
		{8D16BEA4-D2E2-4573-AF37-74E920531062}.Debug|Any CPU.Build.0 = Debug|Any CPU
		{8D16BEA4-D2E2-4573-AF37-74E920531062}.Release|Any CPU.ActiveCfg = Release|Any CPU
		{8D16BEA4-D2E2-4573-AF37-74E920531062}.Release|Any CPU.Build.0 = Release|Any CPU
	EndGlobalSection
	GlobalSection(SolutionProperties) = preSolution
		HideSolutionNode = FALSE
	EndGlobalSection
	GlobalSection(ExtensibilityGlobals) = postSolution
		SolutionGuid = {A49DDB64-91E6-4EB7-AF9F-82945A0EBFF5}
	EndGlobalSection
EndGlobal
